lockfileVersion: 5.3

specifiers:
  '@cloudflare/workers-types': ^3.5.1
  '@swc/cli': ^0.1.57
  '@swc/core': ^1.2.165
  '@types/node': ^17.0.24
  hono: ^0.5.10
  miniflare: ^2.4.0
  telegraf: ^4.7.0
  typescript: ^4.6.3

dependencies:
  '@cloudflare/workers-types': 3.8.0
  hono: 0.5.10
  telegraf: 4.8.1

devDependencies:
  '@swc/cli': 0.1.57_@swc+core@1.2.174
  '@swc/core': 1.2.174
  '@types/node': 17.0.30
  miniflare: 2.4.0
  typescript: 4.6.4

packages:

  /@cloudflare/workers-types/3.8.0:
    resolution: {integrity: sha512-5dBAxHqt3SkBUcK0sFSW6me7KTjJpJ2eiIq8Aha/BfoWyl0G7/BlIT3bOWYSKOejuUq6mKsH4HKVWbJGJhbWog==}
    dev: false

  /@iarna/toml/2.2.5:
    resolution: {integrity: sha512-trnsAYxU3xnS1gPHPyU961coFyLkh4gAD/0zQ5mymY4yOZ+CYvsPqUbOFSw0aDM4y0tV7tiFxL/1XfXPNC6IPg==}
    dev: true

  /@miniflare/cache/2.4.0:
    resolution: {integrity: sha512-tMDXlUVlThgFubJmlxZoKmLK8kBxDmuMbVMt7csHpXegzkuo2TmIsDqBE/C3CRiJ5xeCQgpD6iZtKBu5Zn5fRA==}
    engines: {node: '>=16.7'}
    dependencies:
      '@miniflare/core': 2.4.0
      '@miniflare/shared': 2.4.0
      http-cache-semantics: 4.1.0
      undici: 4.13.0
    dev: true

  /@miniflare/cli-parser/2.4.0:
    resolution: {integrity: sha512-Xr5lO8f+oIr9r/b2dfo0on1p0MNN+pkwRHWoY5ACSnp9FaGnwm/g71DM7AajIQPIk0TpRsSVNDx8Ygj1LPT+sQ==}
    engines: {node: '>=16.7'}
    dependencies:
      '@miniflare/shared': 2.4.0
      kleur: 4.1.4
    dev: true

  /@miniflare/core/2.4.0:
    resolution: {integrity: sha512-vYl8xaWTFzxtkbzx3IkT4Py0OAFdfmFnVo627O1HKHWVGlkjVr8UKtxBpIR+f5pq/HCMzzqA1HM9FXO0dQfy3A==}
    engines: {node: '>=16.7'}
    dependencies:
      '@iarna/toml': 2.2.5
      '@miniflare/shared': 2.4.0
      '@miniflare/watcher': 2.4.0
      busboy: 0.3.1
      dotenv: 10.0.0
      kleur: 4.1.4
      set-cookie-parser: 2.4.8
      undici: 4.13.0
    dev: true

  /@miniflare/durable-objects/2.4.0:
    resolution: {integrity: sha512-VVLaUXXcAQcYE/3YmDLTacZf5OzR8bib6q1T9NqVb0uK5sLMQqyHvQdsG5rMqs7iyxfJxyZ0bL2OW9XGALOkoQ==}
    engines: {node: '>=16.7'}
    dependencies:
      '@miniflare/core': 2.4.0
      '@miniflare/shared': 2.4.0
      '@miniflare/storage-memory': 2.4.0
      undici: 4.13.0
    dev: true

  /@miniflare/html-rewriter/2.4.0:
    resolution: {integrity: sha512-ZG8819N7LelDD+8+Ss5FZpVyQQq/V2igod0qE68JK4he/w4/yn57Rk6Efb49y15HoHAXl2RpCCsnCyIow/Xjug==}
    engines: {node: '>=16.7'}
    dependencies:
      '@miniflare/core': 2.4.0
      '@miniflare/shared': 2.4.0
      html-rewriter-wasm: 0.4.1
      undici: 4.13.0
    dev: true

  /@miniflare/http-server/2.4.0:
    resolution: {integrity: sha512-r6Z/nqxE0oa1z63L95yvnG0PUeLRxZOeGS7ADxZMFKan4WD5lvYtSKDuDEm0lkbQshCOHQ3uXFr0cotOm8JoMQ==}
    engines: {node: '>=16.7'}
    dependencies:
      '@miniflare/core': 2.4.0
      '@miniflare/shared': 2.4.0
      '@miniflare/web-sockets': 2.4.0
      kleur: 4.1.4
      selfsigned: 2.0.1
      undici: 4.13.0
      ws: 8.5.0
      youch: 2.2.2
    transitivePeerDependencies:
      - bufferutil
      - utf-8-validate
    dev: true

  /@miniflare/kv/2.4.0:
    resolution: {integrity: sha512-1UW7f1386xR6EDEXNZOR1TpFwQfRRSxUPqD6m/U0WprlsbM0cIYGz+AUeaVbkFf8lfE2MeXCUrjbWsLOvsnw3g==}
    engines: {node: '>=16.7'}
    dependencies:
      '@miniflare/shared': 2.4.0
    dev: true

  /@miniflare/runner-vm/2.4.0:
    resolution: {integrity: sha512-7sdwBYzXQTwYeR3tTvQ+vJfzc7BXwqR8AUPK9l5gvCtg+Geq9sMslr5SikIJpgcvbYqKDjvC9DQEPJ3sqr9cSQ==}
    engines: {node: '>=16.7'}
    dependencies:
      '@miniflare/shared': 2.4.0
    dev: true

  /@miniflare/scheduler/2.4.0:
    resolution: {integrity: sha512-dfMCXoAS8Y+3xABNxYju62I2xIBS54Op7ohCHoatvAM5RvualJUPICEMPZzX6/z29q5xPIeSLhLDhl/asAQ19w==}
    engines: {node: '>=16.7'}
    dependencies:
      '@miniflare/core': 2.4.0
      '@miniflare/shared': 2.4.0
      cron-schedule: 3.0.6
    dev: true

  /@miniflare/shared/2.4.0:
    resolution: {integrity: sha512-lPQFzBUVGNQ93gQ/dliToWnO0OqAgsD3/902Pd/IixVSRwRj3BTnYv2dHMUKZcODBPrhnbqZeqcPWdBLzEx8uw==}
    engines: {node: '>=16.7'}
    dependencies:
      ignore: 5.2.0
      kleur: 4.1.4
    dev: true

  /@miniflare/sites/2.4.0:
    resolution: {integrity: sha512-YZy/TujnR1lkBvCncDDQ8tsWsXRE4JJ4x9a0bKN/XnZh7r6OhDM0sw4BFcBQhT6Ukdtttam1O3FlJxnMitrDGg==}
    engines: {node: '>=16.7'}
    dependencies:
      '@miniflare/kv': 2.4.0
      '@miniflare/shared': 2.4.0
      '@miniflare/storage-file': 2.4.0
    dev: true

  /@miniflare/storage-file/2.4.0:
    resolution: {integrity: sha512-f1AUMz8xps/4VhNJMb8JeCevZFeU4pg2lIWmC11gG4xeq2nibTPBi6Qtx594Le7ZKij/tF6rRsoNfGau2Q5gdw==}
    engines: {node: '>=16.7'}
    dependencies:
      '@miniflare/shared': 2.4.0
      '@miniflare/storage-memory': 2.4.0
    dev: true

  /@miniflare/storage-memory/2.4.0:
    resolution: {integrity: sha512-mhWwgHhDNtEa7y1bYbdVucV0lqUmzagYXUSppAdSGS5JPyJMyw3HseqRNTk6gC/vKlvEYlFf3ugWcREGCedr9A==}
    engines: {node: '>=16.7'}
    dependencies:
      '@miniflare/shared': 2.4.0
    dev: true

  /@miniflare/watcher/2.4.0:
    resolution: {integrity: sha512-gDQRUxwOjmctvowyd4Hcdy3fjxz3ERKzirp6TvA3AWUohKZk3IhwGlaA8aCwbdP+ELYQlG5wK44AfLSGi956fg==}
    engines: {node: '>=16.7'}
    dependencies:
      '@miniflare/shared': 2.4.0
    dev: true

  /@miniflare/web-sockets/2.4.0:
    resolution: {integrity: sha512-cz/cN0GoQOXRLh80UmlcEJODPIw2ijKBK3PLRzvfTzqQ5avK6wp2M8Fj8C/5JIT6g7siwvBANyKXD3U3RpKGHQ==}
    engines: {node: '>=16.7'}
    dependencies:
      '@miniflare/core': 2.4.0
      '@miniflare/shared': 2.4.0
      undici: 4.13.0
      ws: 8.5.0
    transitivePeerDependencies:
      - bufferutil
      - utf-8-validate
    dev: true

  /@nodelib/fs.scandir/2.1.5:
    resolution: {integrity: sha512-vq24Bq3ym5HEQm2NKCr3yXDwjc7vTsEThRDnkp2DK9p1uqLR+DHurm/NOTo0KG7HYHU7eppKZj3MyqYuMBf62g==}
    engines: {node: '>= 8'}
    dependencies:
      '@nodelib/fs.stat': 2.0.5
      run-parallel: 1.2.0
    dev: true

  /@nodelib/fs.stat/2.0.5:
    resolution: {integrity: sha512-RkhPPp2zrqDAQA/2jNhnztcPAlv64XdhIp7a7454A5ovI7Bukxgt7MX7udwAu3zg1DcpPU0rz3VV1SeaqvY4+A==}
    engines: {node: '>= 8'}
    dev: true

  /@nodelib/fs.walk/1.2.8:
    resolution: {integrity: sha512-oGB+UxlgWcgQkgwo8GcEGwemoTFt3FIO9ababBmaGwXIoBKZ+GTy0pP185beGg7Llih/NSHSV2XAs1lnznocSg==}
    engines: {node: '>= 8'}
    dependencies:
      '@nodelib/fs.scandir': 2.1.5
      fastq: 1.13.0
    dev: true

  /@swc/cli/0.1.57_@swc+core@1.2.174:
    resolution: {integrity: sha512-HxM8TqYHhAg+zp7+RdTU69bnkl4MWdt1ygyp6BDIPjTiaJVH6Dizn2ezbgDS8mnFZI1FyhKvxU/bbaUs8XhzQg==}
    engines: {node: '>= 12.13'}
    hasBin: true
    peerDependencies:
      '@swc/core': ^1.2.66
      chokidar: ^3.5.1
    peerDependenciesMeta:
      chokidar:
        optional: true
    dependencies:
      '@swc/core': 1.2.174
      commander: 7.2.0
      fast-glob: 3.2.11
      slash: 3.0.0
      source-map: 0.7.3
    dev: true

  /@swc/core-android-arm-eabi/1.2.174:
    resolution: {integrity: sha512-sxH6jIq57wnZ8LyLKN8SXM4DhMo4aTq0mClo+zBMPTyHzNO5AEAwh5nqs+d51Dycs3epur/8iv/J6xDv+cKkfw==}
    engines: {node: '>=10'}
    cpu: [arm]
    os: [android]
    requiresBuild: true
    dev: true
    optional: true

  /@swc/core-android-arm64/1.2.174:
    resolution: {integrity: sha512-gGXBuY8Zs93eNduyrhm+rB+K/smF535uwmamHB1+7BrkuUtt/Lrk3vDTc4D61GMA/vBOqus9IXKHBc+EFmBbog==}
    engines: {node: '>=10'}
    cpu: [arm64]
    os: [android]
    requiresBuild: true
    dev: true
    optional: true

  /@swc/core-darwin-arm64/1.2.174:
    resolution: {integrity: sha512-dFxu2o8dR55A+d0Qf/Ai0yKnGjon/UT1hWnBY9tcyvgo7XsiFRB/P83tlbVohqq9N+SDVxdBg9bMAR2i8rDTHg==}
    engines: {node: '>=10'}
    cpu: [arm64]
    os: [darwin]
    requiresBuild: true
    dev: true
    optional: true

  /@swc/core-darwin-x64/1.2.174:
    resolution: {integrity: sha512-LsANlfBkqfJobPvfojTbUY9xw0ZwTxTicdwaK6BC5TLmYXVfvxvMpmhsvIe3bNlx4jV1z0IrFaJ0YxDSc1s6vw==}
    engines: {node: '>=10'}
    cpu: [x64]
    os: [darwin]
    requiresBuild: true
    dev: true
    optional: true

  /@swc/core-freebsd-x64/1.2.174:
    resolution: {integrity: sha512-IG0qc9/qUHmiqC6fqT3yq4iBwNRHN1zYbGpzQm4DU/d7DTwsV7D2A+1McFUKmnUOvBG7zdgg5ee91QxUVOCZTQ==}
    engines: {node: '>=10'}
    cpu: [x64]
    os: [freebsd]
    requiresBuild: true
    dev: true
    optional: true

  /@swc/core-linux-arm-gnueabihf/1.2.174:
    resolution: {integrity: sha512-nK4U8s9++e5AVEhWz3W6V0tUsPPjYJlMsb4ZzZR2qhYe53YBURCznFIhUDwe0ib/f6T773Tn7sr52uemcQBu8A==}
    engines: {node: '>=10'}
    cpu: [arm]
    os: [linux]
    requiresBuild: true
    dev: true
    optional: true

  /@swc/core-linux-arm64-gnu/1.2.174:
    resolution: {integrity: sha512-Tf6Ths472ul9Z4p8uFP7vMJXLmBS2h4PQL/zDj3g3N+9D8hs6+tnnBNrkEm6jXs09gO4bvaN+706QxmZUEgyPg==}
    engines: {node: '>=10'}
    cpu: [arm64]
    os: [linux]
    requiresBuild: true
    dev: true
    optional: true

  /@swc/core-linux-arm64-musl/1.2.174:
    resolution: {integrity: sha512-vsQjxyCe3+qRMQSuDlYwmFxbRILIycRC8OB/tBhTJXYuwIh4zvpxc+zvSuERbd4cmMWwM/JtXIlP5grSNjgH6A==}
    engines: {node: '>=10'}
    cpu: [arm64]
    os: [linux]
    requiresBuild: true
    dev: true
    optional: true

  /@swc/core-linux-x64-gnu/1.2.174:
    resolution: {integrity: sha512-CFEL2WMIQ1mZvvDguaVGgwan9X7Ah7ctHG8SOa+mFaWXdAyVXOWp8sdNMJbqvwYAv980CENfYioI8yL0z1heWA==}
    engines: {node: '>=10'}
    cpu: [x64]
    os: [linux]
    requiresBuild: true
    dev: true
    optional: true

  /@swc/core-linux-x64-musl/1.2.174:
    resolution: {integrity: sha512-qulTJ3GYE8gUR0yfIOJVfo8SSl/AgLKAplskIHJu/cP0JtRpHL8B598mfny6SuD+ZabBjUvAz6d8ACL9JdhYTw==}
    engines: {node: '>=10'}
    cpu: [x64]
    os: [linux]
    requiresBuild: true
    dev: true
    optional: true

  /@swc/core-win32-arm64-msvc/1.2.174:
    resolution: {integrity: sha512-ZogvH4sOVk3pLguYLlc+3lBlGwJ4WOi375VUqDSb92TirBFPjhX98xDn/Xus1fyRKofSGp1zoAs4w80F6hkX6g==}
    engines: {node: '>=10'}
    cpu: [arm64]
    os: [win32]
    requiresBuild: true
    dev: true
    optional: true

  /@swc/core-win32-ia32-msvc/1.2.174:
    resolution: {integrity: sha512-QcnXBs2L0O5BiV61orDxJqZsmk2wPUscTTY4upfW5++eCI6IpDYVyfQmtQ9OdVCXWfVEPrhQKuUxLZEjoKxdNQ==}
    engines: {node: '>=10'}
    cpu: [ia32]
    os: [win32]
    requiresBuild: true
    dev: true
    optional: true

  /@swc/core-win32-x64-msvc/1.2.174:
    resolution: {integrity: sha512-9aFcbPTFA5jtiTQbOsq+/QN29F/YNpOrhcwsUa2Haqq0+2h71rMiBn7oluUERFQ+/se9J0C00iSC0QXif4pfuQ==}
    engines: {node: '>=10'}
    cpu: [x64]
    os: [win32]
    requiresBuild: true
    dev: true
    optional: true

  /@swc/core/1.2.174:
    resolution: {integrity: sha512-PbBwwaqrBCyOae+hZV9QK+QeR1azqb+MGKvuk6SVxsk3Rvh1HSX4CieMnuhcmX+Sm4L58eQv9l37ZLCu2hBZcA==}
    engines: {node: '>=10'}
    hasBin: true
    optionalDependencies:
      '@swc/core-android-arm-eabi': 1.2.174
      '@swc/core-android-arm64': 1.2.174
      '@swc/core-darwin-arm64': 1.2.174
      '@swc/core-darwin-x64': 1.2.174
      '@swc/core-freebsd-x64': 1.2.174
      '@swc/core-linux-arm-gnueabihf': 1.2.174
      '@swc/core-linux-arm64-gnu': 1.2.174
      '@swc/core-linux-arm64-musl': 1.2.174
      '@swc/core-linux-x64-gnu': 1.2.174
      '@swc/core-linux-x64-musl': 1.2.174
      '@swc/core-win32-arm64-msvc': 1.2.174
      '@swc/core-win32-ia32-msvc': 1.2.174
      '@swc/core-win32-x64-msvc': 1.2.174
    dev: true

  /@types/node/17.0.30:
    resolution: {integrity: sha512-oNBIZjIqyHYP8VCNAV9uEytXVeXG2oR0w9lgAXro20eugRQfY002qr3CUl6BAe+Yf/z3CRjPdz27Pu6WWtuSRw==}
    dev: true

  /@types/stack-trace/0.0.29:
    resolution: {integrity: sha512-TgfOX+mGY/NyNxJLIbDWrO9DjGoVSW9+aB8H2yy1fy32jsvxijhmyJI9fDFgvz3YP4lvJaq9DzdR/M1bOgVc9g==}
    dev: true

  /abort-controller/3.0.0:
    resolution: {integrity: sha512-h8lQ8tacZYnR3vNQTgibj+tODHI5/+l06Au2Pcriv/Gmet0eaj4TwWH41sO9wnHDiQsEj19q0drzdWdeAHtweg==}
    engines: {node: '>=6.5'}
    dependencies:
      event-target-shim: 5.0.1
    dev: false

  /braces/3.0.2:
    resolution: {integrity: sha512-b8um+L1RzM3WDSzvhm6gIz1yfTbBt6YTlcEKAvsmqCZZFw46z626lVj9j1yEPW33H5H+lBQpZMP1k8l+78Ha0A==}
    engines: {node: '>=8'}
    dependencies:
      fill-range: 7.0.1
    dev: true

  /buffer-alloc-unsafe/1.1.0:
    resolution: {integrity: sha512-TEM2iMIEQdJ2yjPJoSIsldnleVaAk1oW3DBVUykyOLsEsFmEc9kn+SFFPz+gl54KQNxlDnAwCXosOS9Okx2xAg==}
    dev: false

  /buffer-alloc/1.2.0:
    resolution: {integrity: sha512-CFsHQgjtW1UChdXgbyJGtnm+O/uLQeZdtbDo8mfUgYXCHSM1wgrVxXm6bSyrUuErEb+4sYVGCzASBRot7zyrow==}
    dependencies:
      buffer-alloc-unsafe: 1.1.0
      buffer-fill: 1.0.0
    dev: false

  /buffer-fill/1.0.0:
    resolution: {integrity: sha1-+PeLdniYiO858gXNY39o5wISKyw=}
    dev: false

  /buffer-from/1.1.2:
    resolution: {integrity: sha512-E+XQCRwSbaaiChtv6k6Dwgc+bx+Bs6vuKJHHl5kox/BaKbhiXzqQOwK4cO22yElGp2OCmjwVhT3HmxgyPGnJfQ==}
    dev: true

  /busboy/0.3.1:
    resolution: {integrity: sha512-y7tTxhGKXcyBxRKAni+awqx8uqaJKrSFSNFSeRG5CsWNdmy2BIK+6VGWEW7TZnIO/533mtMEA4rOevQV815YJw==}
    engines: {node: '>=4.5.0'}
    dependencies:
      dicer: 0.3.0
    dev: true

  /commander/7.2.0:
    resolution: {integrity: sha512-QrWXB+ZQSVPmIWIhtEO9H+gwHaMGYiF5ChvoJ+K9ZGHG/sVsa6yiesAD1GC/x46sET00Xlwo1u49RVVVzvcSkw==}
    engines: {node: '>= 10'}
    dev: true

  /cookie/0.4.2:
    resolution: {integrity: sha512-aSWTXFzaKWkvHO1Ny/s+ePFpvKsPnjc551iI41v3ny/ow6tBG5Vd+FuqGNhh1LxOmVzOlGUriIlOaokOvhaStA==}
    engines: {node: '>= 0.6'}
    dev: true

  /cron-schedule/3.0.6:
    resolution: {integrity: sha512-izfGgKyzzIyLaeb1EtZ3KbglkS6AKp9cv7LxmiyoOu+fXfol1tQDC0Cof0enVZGNtudTHW+3lfuW9ZkLQss4Wg==}
    dev: true

  /debug/4.3.4:
    resolution: {integrity: sha512-PRWFHuSU3eDtQJPvnNY7Jcket1j0t5OuOsFzPPzsekD52Zl8qUfFIPEiswXqIvHWGVHOgX+7G/vCNNhehwxfkQ==}
    engines: {node: '>=6.0'}
    peerDependencies:
      supports-color: '*'
    peerDependenciesMeta:
      supports-color:
        optional: true
    dependencies:
      ms: 2.1.2
    dev: false

  /dicer/0.3.0:
    resolution: {integrity: sha512-MdceRRWqltEG2dZqO769g27N/3PXfcKl04VhYnBlo2YhH7zPi88VebsjTKclaOyiuMaGU72hTfw3VkUitGcVCA==}
    engines: {node: '>=4.5.0'}
    dependencies:
      streamsearch: 0.1.2
    dev: true

  /dotenv/10.0.0:
    resolution: {integrity: sha512-rlBi9d8jpv9Sf1klPjNfFAuWDjKLwTIJJ/VxtoTwIR6hnZxcEOQCZg2oIL3MWBYw5GpUDKOEnND7LXTbIpQ03Q==}
    engines: {node: '>=10'}
    dev: true

  /event-target-shim/5.0.1:
    resolution: {integrity: sha512-i/2XbnSz/uxRCU6+NdVJgKWDTM427+MqYbkQzD321DuCQJUqOuJKIA0IM2+W2xtYHdKOmZ4dR6fExsd4SXL+WQ==}
    engines: {node: '>=6'}
    dev: false

  /fast-glob/3.2.11:
    resolution: {integrity: sha512-xrO3+1bxSo3ZVHAnqzyuewYT6aMFHRAd4Kcs92MAonjwQZLsK9d0SF1IyQ3k5PoirxTW0Oe/RqFgMQ6TcNE5Ew==}
    engines: {node: '>=8.6.0'}
    dependencies:
      '@nodelib/fs.stat': 2.0.5
      '@nodelib/fs.walk': 1.2.8
      glob-parent: 5.1.2
      merge2: 1.4.1
      micromatch: 4.0.5
    dev: true

  /fastq/1.13.0:
    resolution: {integrity: sha512-YpkpUnK8od0o1hmeSc7UUs/eB/vIPWJYjKck2QKIzAf71Vm1AAQ3EbuZB3g2JIy+pg+ERD0vqI79KyZiB2e2Nw==}
    dependencies:
      reusify: 1.0.4
    dev: true

  /fill-range/7.0.1:
    resolution: {integrity: sha512-qOo9F+dMUmC2Lcb4BbVvnKJxTPjCm+RRpe4gDuGrzkL7mEVl/djYSu2OdQ2Pa302N4oqkSg9ir6jaLWJ2USVpQ==}
    engines: {node: '>=8'}
    dependencies:
      to-regex-range: 5.0.1
    dev: true

  /glob-parent/5.1.2:
    resolution: {integrity: sha512-AOIgSQCepiJYwP3ARnGx+5VnTu2HBYdzbGP45eLw1vr3zB3vZLeyed1sC9hnbcOc9/SrMyM5RPQrkGz4aS9Zow==}
    engines: {node: '>= 6'}
    dependencies:
      is-glob: 4.0.3
    dev: true

  /hono/0.5.10:
    resolution: {integrity: sha512-7w79FIW0/Xh0kJkYnZ8n0T3reKdssZkb8b9SkIsB8lqzmk5RicxDzcTCp25i1uwiv7wyIl0HKldUl/lhT9FKIg==}
    engines: {node: '>=11.0.0'}
    dev: false

  /html-rewriter-wasm/0.4.1:
    resolution: {integrity: sha512-lNovG8CMCCmcVB1Q7xggMSf7tqPCijZXaH4gL6iE8BFghdQCbaY5Met9i1x2Ex8m/cZHDUtXK9H6/znKamRP8Q==}
    dev: true

  /http-cache-semantics/4.1.0:
    resolution: {integrity: sha512-carPklcUh7ROWRK7Cv27RPtdhYhUsela/ue5/jKzjegVvXDqM2ILE9Q2BGn9JZJh1g87cp56su/FgQSzcWS8cQ==}
    dev: true

  /ignore/5.2.0:
    resolution: {integrity: sha512-CmxgYGiEPCLhfLnpPp1MoRmifwEIOgjcHXxOBjv7mY96c+eWScsOP9c112ZyLdWHi0FxHjI+4uVhKYp/gcdRmQ==}
    engines: {node: '>= 4'}
    dev: true

  /is-extglob/2.1.1:
    resolution: {integrity: sha1-qIwCU1eR8C7TfHahueqXc8gz+MI=}
    engines: {node: '>=0.10.0'}
    dev: true

  /is-glob/4.0.3:
    resolution: {integrity: sha512-xelSayHH36ZgE7ZWhli7pW34hNbNl8Ojv5KVmkJD4hBdD3th8Tfk9vYasLM+mXWOZhFkgZfxhLSnrwRr4elSSg==}
    engines: {node: '>=0.10.0'}
    dependencies:
      is-extglob: 2.1.1
    dev: true

  /is-number/7.0.0:
    resolution: {integrity: sha512-41Cifkg6e8TylSpdtTpeLVMqvSBEVzTttHvERD741+pnZ8ANv0004MRL43QKPDlK9cGvNp6NZWZUBlbGXYxxng==}
    engines: {node: '>=0.12.0'}
    dev: true

  /kleur/4.1.4:
    resolution: {integrity: sha512-8QADVssbrFjivHWQU7KkMgptGTl6WAcSdlbBPY4uNF+mWr6DGcKrvY2w4FQJoXch7+fKMjj0dRrL75vk3k23OA==}
    engines: {node: '>=6'}
    dev: true

  /merge2/1.4.1:
    resolution: {integrity: sha512-8q7VEgMJW4J8tcfVPy8g09NcQwZdbwFEqhe/WZkoIzjn/3TGDwtOCYtXGxA3O8tPzpczCCDgv+P2P5y00ZJOOg==}
    engines: {node: '>= 8'}
    dev: true

  /micromatch/4.0.5:
    resolution: {integrity: sha512-DMy+ERcEW2q8Z2Po+WNXuw3c5YaUSFjAO5GsJqfEl7UjvtIuFKO6ZrKvcItdy98dwFI2N1tg3zNIdKaQT+aNdA==}
    engines: {node: '>=8.6'}
    dependencies:
      braces: 3.0.2
      picomatch: 2.3.1
    dev: true

  /miniflare/2.4.0:
    resolution: {integrity: sha512-xOBL/dQsUL95rxIYO+KrrVPPpm2TAf6TKl4AvhcjSfUeVkzDWd/y9f7hXCt8x6srDoK0Z2LpYouatvSfSUzGOw==}
    engines: {node: '>=16.7'}
    hasBin: true
    peerDependencies:
      '@miniflare/storage-redis': 2.4.0
      cron-schedule: ^3.0.4
      ioredis: ^4.27.9
    peerDependenciesMeta:
      '@miniflare/storage-redis':
        optional: true
      cron-schedule:
        optional: true
      ioredis:
        optional: true
    dependencies:
      '@miniflare/cache': 2.4.0
      '@miniflare/cli-parser': 2.4.0
      '@miniflare/core': 2.4.0
      '@miniflare/durable-objects': 2.4.0
      '@miniflare/html-rewriter': 2.4.0
      '@miniflare/http-server': 2.4.0
      '@miniflare/kv': 2.4.0
      '@miniflare/runner-vm': 2.4.0
      '@miniflare/scheduler': 2.4.0
      '@miniflare/shared': 2.4.0
      '@miniflare/sites': 2.4.0
      '@miniflare/storage-file': 2.4.0
      '@miniflare/storage-memory': 2.4.0
      '@miniflare/web-sockets': 2.4.0
      kleur: 4.1.4
      semiver: 1.1.0
      source-map-support: 0.5.21
      undici: 4.13.0
    transitivePeerDependencies:
      - bufferutil
      - utf-8-validate
    dev: true

  /minimist/1.2.6:
    resolution: {integrity: sha512-Jsjnk4bw3YJqYzbdyBiNsPWHPfO++UGG749Cxs6peCu5Xg4nrena6OVxOYxrQTqww0Jmwt+Ref8rggumkTLz9Q==}
    dev: false

  /module-alias/2.2.2:
    resolution: {integrity: sha512-A/78XjoX2EmNvppVWEhM2oGk3x4lLxnkEA4jTbaK97QKSDjkIoOsKQlfylt/d3kKKi596Qy3NP5XrXJ6fZIC9Q==}
    dev: false

  /ms/2.1.2:
    resolution: {integrity: sha512-sGkPx+VjMtmA6MX27oA4FBFELFCZZ4S4XqeGOXCv68tT+jb3vk/RyaKWP0PTKyWtmLSM0b+adUTEvbs1PEaH2w==}
    dev: false

  /mustache/4.2.0:
    resolution: {integrity: sha512-71ippSywq5Yb7/tVYyGbkBggbU8H3u5Rz56fH60jGFgr8uHwxs+aSKeqmluIVzM0m0kB7xQjKS6qPfd0b2ZoqQ==}
    hasBin: true
    dev: true

  /node-fetch/2.6.7:
    resolution: {integrity: sha512-ZjMPFEfVx5j+y2yF35Kzx5sF7kDzxuDj6ziH4FFbOp87zKDZNx8yExJIb05OGF4Nlt9IHFIMBkRl41VdvcNdbQ==}
    engines: {node: 4.x || >=6.0.0}
    peerDependencies:
      encoding: ^0.1.0
    peerDependenciesMeta:
      encoding:
        optional: true
    dependencies:
      whatwg-url: 5.0.0
    dev: false

  /node-forge/1.3.1:
    resolution: {integrity: sha512-dPEtOeMvF9VMcYV/1Wb8CPoVAXtp6MKMlcbAt4ddqmGqUJ6fQZFXkNZNkNlfevtNkGtaSoXf/vNNNSvgrdXwtA==}
    engines: {node: '>= 6.13.0'}
    dev: true

  /p-timeout/4.1.0:
    resolution: {integrity: sha512-+/wmHtzJuWii1sXn3HCuH/FTwGhrp4tmJTxSKJbfS+vkipci6osxXM5mY0jUiRzWKMTgUT8l7HFbeSwZAynqHw==}
    engines: {node: '>=10'}
    dev: false

  /picomatch/2.3.1:
    resolution: {integrity: sha512-JU3teHTNjmE2VCGFzuY8EXzCDVwEqB2a8fsIvwaStHhAWJEeVd1o1QD80CU6+ZdEXXSLbSsuLwJjkCBWqRQUVA==}
    engines: {node: '>=8.6'}
    dev: true

  /queue-microtask/1.2.3:
    resolution: {integrity: sha512-NuaNSa6flKT5JaSYQzJok04JzTL1CA6aGhv5rfLW3PgqA+M2ChpZQnAC8h8i4ZFkBS8X5RqkDBHA7r4hej3K9A==}
    dev: true

  /reusify/1.0.4:
    resolution: {integrity: sha512-U9nH88a3fc/ekCF1l0/UP1IosiuIjyTh7hBvXVMHYgVcfGvt897Xguj2UOLDeI5BG2m7/uwyaLVT6fbtCwTyzw==}
    engines: {iojs: '>=1.0.0', node: '>=0.10.0'}
    dev: true

  /run-parallel/1.2.0:
    resolution: {integrity: sha512-5l4VyZR86LZ/lDxZTR6jqL8AFE2S0IFLMP26AbjsLVADxHdhB/c0GUsH+y39UfCi3dzz8OlQuPmnaJOMoDHQBA==}
    dependencies:
      queue-microtask: 1.2.3
    dev: true

  /safe-compare/1.1.4:
    resolution: {integrity: sha512-b9wZ986HHCo/HbKrRpBJb2kqXMK9CEWIE1egeEvZsYn69ay3kdfl9nG3RyOcR+jInTDf7a86WQ1d4VJX7goSSQ==}
    dependencies:
      buffer-alloc: 1.2.0
    dev: false

  /sandwich-stream/2.0.2:
    resolution: {integrity: sha512-jLYV0DORrzY3xaz/S9ydJL6Iz7essZeAfnAavsJ+zsJGZ1MOnsS52yRjU3uF3pJa/lla7+wisp//fxOwOH8SKQ==}
    engines: {node: '>= 0.10'}
    dev: false

  /selfsigned/2.0.1:
    resolution: {integrity: sha512-LmME957M1zOsUhG+67rAjKfiWFox3SBxE/yymatMZsAx+oMrJ0YQ8AToOnyCm7xbeg2ep37IHLxdu0o2MavQOQ==}
    engines: {node: '>=10'}
    dependencies:
      node-forge: 1.3.1
    dev: true

  /semiver/1.1.0:
    resolution: {integrity: sha512-QNI2ChmuioGC1/xjyYwyZYADILWyW6AmS1UH6gDj/SFUUUS4MBAWs/7mxnkRPc/F4iHezDP+O8t0dO8WHiEOdg==}
    engines: {node: '>=6'}
    dev: true

  /set-cookie-parser/2.4.8:
    resolution: {integrity: sha512-edRH8mBKEWNVIVMKejNnuJxleqYE/ZSdcT8/Nem9/mmosx12pctd80s2Oy00KNZzrogMZS5mauK2/ymL1bvlvg==}
    dev: true

  /slash/3.0.0:
    resolution: {integrity: sha512-g9Q1haeby36OSStwb4ntCGGGaKsaVSjQ68fBxoQcutl5fS1vuY18H3wSt3jFyFtrkx+Kz0V1G85A4MyAdDMi2Q==}
    engines: {node: '>=8'}
    dev: true

  /source-map-support/0.5.21:
    resolution: {integrity: sha512-uBHU3L3czsIyYXKX88fdrGovxdSCoTGDRZ6SYXtSRxLZUzHg5P/66Ht6uoUlHu9EZod+inXhKo3qQgwXUT/y1w==}
    dependencies:
      buffer-from: 1.1.2
      source-map: 0.6.1
    dev: true

  /source-map/0.6.1:
    resolution: {integrity: sha512-UjgapumWlbMhkBgzT7Ykc5YXUT46F0iKu8SGXq0bcwP5dz/h0Plj6enJqjz1Zbq2l5WaqYnrVbwWOWMyF3F47g==}
    engines: {node: '>=0.10.0'}
    dev: true

  /source-map/0.7.3:
    resolution: {integrity: sha512-CkCj6giN3S+n9qrYiBTX5gystlENnRW5jZeNLHpe6aue+SrHcG5VYwujhW9s4dY31mEGsxBDrHR6oI69fTXsaQ==}
    engines: {node: '>= 8'}
    dev: true

  /stack-trace/0.0.10:
    resolution: {integrity: sha1-VHxws0fo0ytOEI6hoqFZ5f3eGcA=}
    dev: true

  /streamsearch/0.1.2:
    resolution: {integrity: sha1-gIudDlb8Jz2Am6VzOOkpkZoanxo=}
    engines: {node: '>=0.8.0'}
    dev: true

  /telegraf/4.8.1:
    resolution: {integrity: sha512-+76tLC2XS73Rf4Ty6jXEMW52exAP6isgHmq36XBJlnOZV00K6/QdN7mFafVYeKqR3bO/ZqgIphc5In3EwKJMyA==}
    engines: {node: ^12.20.0 || >=14.13.1}
    hasBin: true
    dependencies:
      abort-controller: 3.0.0
      debug: 4.3.4
      minimist: 1.2.6
      module-alias: 2.2.2
      node-fetch: 2.6.7
      p-timeout: 4.1.0
      safe-compare: 1.1.4
      sandwich-stream: 2.0.2
      typegram: 3.9.1
    transitivePeerDependencies:
      - encoding
      - supports-color
    dev: false

  /to-regex-range/5.0.1:
    resolution: {integrity: sha512-65P7iz6X5yEr1cwcgvQxbbIw7Uk3gOy5dIdtZ4rDveLqhrdJP+Li/Hx6tyK0NEb+2GCyneCMJiGqrADCSNk8sQ==}
    engines: {node: '>=8.0'}
    dependencies:
      is-number: 7.0.0
    dev: true

  /tr46/0.0.3:
    resolution: {integrity: sha1-gYT9NH2snNwYWZLzpmIuFLnZq2o=}
    dev: false

  /typegram/3.9.1:
    resolution: {integrity: sha512-vfFr2o0iX+amnUj1h/0c49y8bCvGwt6DgdmTVD732Kf81XG26vgFwNWj+33Ol+xORC7m0cqU2hPYGRtcGinwZg==}
    dev: false

  /typescript/4.6.4:
    resolution: {integrity: sha512-9ia/jWHIEbo49HfjrLGfKbZSuWo9iTMwXO+Ca3pRsSpbsMbc7/IU8NKdCZVRRBafVPGnoJeFL76ZOAA84I9fEg==}
    engines: {node: '>=4.2.0'}
    hasBin: true
    dev: true

  /undici/4.13.0:
    resolution: {integrity: sha512-8lk8S/f2V0VUNGf2scU2b+KI2JSzEQLdCyRNRF3XmHu+5jectlSDaPSBCXAHFaUlt1rzngzOBVDgJS9/Gue/KA==}
    engines: {node: '>=12.18'}
    dev: true

  /webidl-conversions/3.0.1:
    resolution: {integrity: sha1-JFNCdeKnvGvnvIZhHMFq4KVlSHE=}
    dev: false

  /whatwg-url/5.0.0:
    resolution: {integrity: sha1-lmRU6HZUYuN2RNNib2dCzotwll0=}
    dependencies:
      tr46: 0.0.3
      webidl-conversions: 3.0.1
    dev: false

  /ws/8.5.0:
    resolution: {integrity: sha512-BWX0SWVgLPzYwF8lTzEy1egjhS4S4OEAHfsO8o65WOVsrnSRGaSiUaa9e0ggGlkMTtBlmOpEXiie9RUcBO86qg==}
    engines: {node: '>=10.0.0'}
    peerDependencies:
      bufferutil: ^4.0.1
      utf-8-validate: ^5.0.2
    peerDependenciesMeta:
      bufferutil:
        optional: true
      utf-8-validate:
        optional: true
    dev: true

  /youch/2.2.2:
    resolution: {integrity: sha512-/FaCeG3GkuJwaMR34GHVg0l8jCbafZLHiFowSjqLlqhC6OMyf2tPJBu8UirF7/NI9X/R5ai4QfEKUCOxMAGxZQ==}
    dependencies:
      '@types/stack-trace': 0.0.29
      cookie: 0.4.2
      mustache: 4.2.0
      stack-trace: 0.0.10
    dev: true
